
Microsoft Visual Studio Solution File, Format Version 12.00
# Visual Studio Version 17
VisualStudioVersion = 17.1.32319.34
MinimumVisualStudioVersion = 10.0.40219.1
Project("{FAE04EC0-301F-11D3-BF4B-00C04F79EFBC}") = "Lesson5_Homework_1", "Lesson5_Homework_1.csproj", "{F29936FF-1FA6-41CE-AA82-124C439B715C}"
EndProject
Global
	GlobalSection(SolutionConfigurationPlatforms) = preSolution
		Debug|Any CPU = Debug|Any CPU
		Release|Any CPU = Release|Any CPU
	EndGlobalSection
	GlobalSection(ProjectConfigurationPlatforms) = postSolution
		{F29936FF-1FA6-41CE-AA82-124C439B715C}.Debug|Any CPU.ActiveCfg = Debug|Any CPU
		{F29936FF-1FA6-41CE-AA82-124C439B715C}.Debug|Any CPU.Build.0 = Debug|Any CPU
		{F29936FF-1FA6-41CE-AA82-124C439B715C}.Release|Any CPU.ActiveCfg = Release|Any CPU
		{F29936FF-1FA6-41CE-AA82-124C439B715C}.Release|Any CPU.Build.0 = Release|Any CPU
	EndGlobalSection
	GlobalSection(SolutionProperties) = preSolution
		HideSolutionNode = FALSE
	EndGlobalSection
	GlobalSection(ExtensibilityGlobals) = postSolution
		SolutionGuid = {ECE0009E-45E3-462A-AD96-E084D613770E}
	EndGlobalSection
EndGlobal
